{
    "_meta": {
        "hash": {
            "sha256": "b57044e48ae72467d7dba3c40c69e35c1714b63e0c5af6987254269145e7214e"
        },
        "pipfile-spec": 6,
        "requires": {
            "python_version": "3.8"
        },
        "sources": [
            {
                "name": "pypi",
                "url": "https://pypi.org/simple",
                "verify_ssl": true
            }
        ]
    },
    "default": {},
    "develop": {}
}
